// !$*UTF8*$!
{
	archiveVersion = 1;
	classes = {
	};
	objectVersion = 56;
	objects = {

/* Begin PBXBuildFile section */
		039FB6FCE6DB59CF8E7076A3 /* SensorSample.swift in Sources */ = {isa = PBXBuildFile; fileRef = 28DA6F957E5C92CD4E67730B /* SensorSample.swift */; };
		1043ED939DD839AE2D8BEFCE /* LoggingConfigStoreTests.swift in Sources */ = {isa = PBXBuildFile; fileRef = 56058C4BF0225270B8C2678C /* LoggingConfigStoreTests.swift */; };
		109D7681C08C8BDBE51123D6 /* CSVLogWriterTests.swift in Sources */ = {isa = PBXBuildFile; fileRef = 82BA27E755BB656809C5DA54 /* CSVLogWriterTests.swift */; };
		1F40F03A419D45E54DE4EDAB /* FormatOptions.swift in Sources */ = {isa = PBXBuildFile; fileRef = 04BA3C0863ED650591E6FFDD /* FormatOptions.swift */; };
		2635A6E36E2C4926A87A3E2D /* SessionLifecycleTests.swift in Sources */ = {isa = PBXBuildFile; fileRef = A179785AC4D9C75D245A168B /* SessionLifecycleTests.swift */; };
		2753911E7EFBFFC999E2FAE9 /* LoggingCoordinator.swift in Sources */ = {isa = PBXBuildFile; fileRef = 68AE59DD0CC363B0DA9B9980 /* LoggingCoordinator.swift */; };
		282CCB9E36465E4D406B69F6 /* LogStorageManager.swift in Sources */ = {isa = PBXBuildFile; fileRef = 78E085E14C6C14504C50B19C /* LogStorageManager.swift */; };
		362D55BF2001768A5964E603 /* LoggingConfigurationTests.swift in Sources */ = {isa = PBXBuildFile; fileRef = CD9676E7662B9D9AC7E10AAC /* LoggingConfigurationTests.swift */; };
		38BEE6F8F5B67FFBAC998C55 /* JSONLogWriter.swift in Sources */ = {isa = PBXBuildFile; fileRef = 31AB305E371227B6B1778E38 /* JSONLogWriter.swift */; };
		38DBF935D6C89EB00077DE5C /* LogFormat.swift in Sources */ = {isa = PBXBuildFile; fileRef = A4B14182F5B60F60AF8FD957 /* LogFormat.swift */; };
		3FBE03A3D73A42464DFC257A /* LogWriter.swift in Sources */ = {isa = PBXBuildFile; fileRef = 16447308C00155CADFCF41D7 /* LogWriter.swift */; };
		4B5FCC46FE55BED5741331FF /* LogStream.swift in Sources */ = {isa = PBXBuildFile; fileRef = 1CC53B5C7301DA9E76759A58 /* LogStream.swift */; };
		567A7657B342B57C17CFB926 /* SensorPayloadTests.swift in Sources */ = {isa = PBXBuildFile; fileRef = EFDF764D65243C574012269C /* SensorPayloadTests.swift */; };
		58311120EFBDAE52B7BED3C4 /* CSVLogWriter.swift in Sources */ = {isa = PBXBuildFile; fileRef = B7A5AA4F8CCBB1D1D6C2326C /* CSVLogWriter.swift */; };
		5A2EF99ACBE5C105449F3C4C /* LogFormatTests.swift in Sources */ = {isa = PBXBuildFile; fileRef = 28A3431A40FBA3DF65A7A324 /* LogFormatTests.swift */; };
		5D07D4454CD45BA63C37A4FD /* SessionManager.swift in Sources */ = {isa = PBXBuildFile; fileRef = F7FE86079943BF19E6C9FCB9 /* SessionManager.swift */; };
		6CFD81477117C230DCCF0627 /* SQLiteLogWriter.swift in Sources */ = {isa = PBXBuildFile; fileRef = 7DB2481498C9464D585A5310 /* SQLiteLogWriter.swift */; };
		6E12817281492FE92EC28387 /* SensorLogEntry.swift in Sources */ = {isa = PBXBuildFile; fileRef = 09E3ECD4A7CFAED3DF1CA362 /* SensorLogEntry.swift */; };
		6E68B2DAE8A343A10A2234D7 /* SQLiteLogWriterTests.swift in Sources */ = {isa = PBXBuildFile; fileRef = B2AE95106B086DBB5871FA97 /* SQLiteLogWriterTests.swift */; };
		76A1F144BBE63C97784D8237 /* Foundation.framework in Frameworks */ = {isa = PBXBuildFile; fileRef = AFC68EB14A90DE7865932DBE /* Foundation.framework */; };
		8E7C8D12B5D7E75D06DB8DD4 /* LoggingConfiguration.swift in Sources */ = {isa = PBXBuildFile; fileRef = 5B90DA5947AD3DC86360DF6A /* LoggingConfiguration.swift */; };
		9A6AC5BBFCD1F11160934A0C /* SensorPayload.swift in Sources */ = {isa = PBXBuildFile; fileRef = 2E7E63FB86C8D5FCEA00BB74 /* SensorPayload.swift */; };
		9DEC0AB6C2FEE6BA727938C6 /* DatabaseSchemaTests.swift in Sources */ = {isa = PBXBuildFile; fileRef = E9E58D9F43A870BD554E69B0 /* DatabaseSchemaTests.swift */; };
		A10001 /* iPhoneSensorsApp.swift in Sources */ = {isa = PBXBuildFile; fileRef = A20001 /* iPhoneSensorsApp.swift */; };
		A10002 /* ContentView.swift in Sources */ = {isa = PBXBuildFile; fileRef = A20002 /* ContentView.swift */; };
		A10004 /* SensorManager.swift in Sources */ = {isa = PBXBuildFile; fileRef = A20004 /* SensorManager.swift */; };
		A10005 /* MotionSensorManager.swift in Sources */ = {isa = PBXBuildFile; fileRef = A20005 /* MotionSensorManager.swift */; };
		A10006 /* LocationSensorManager.swift in Sources */ = {isa = PBXBuildFile; fileRef = A20006 /* LocationSensorManager.swift */; };
		A10007 /* EnvironmentSensorManager.swift in Sources */ = {isa = PBXBuildFile; fileRef = A20007 /* EnvironmentSensorManager.swift */; };
		A10008 /* SystemSensorManager.swift in Sources */ = {isa = PBXBuildFile; fileRef = A20008 /* SystemSensorManager.swift */; };
		A10009 /* HealthSensorManager.swift in Sources */ = {isa = PBXBuildFile; fileRef = A20009 /* HealthSensorManager.swift */; };
		A10010 /* ConnectivitySensorManager.swift in Sources */ = {isa = PBXBuildFile; fileRef = A20010 /* ConnectivitySensorManager.swift */; };
		A10011 /* CameraSensorManager.swift in Sources */ = {isa = PBXBuildFile; fileRef = A20011 /* CameraSensorManager.swift */; };
		A10012 /* DashboardView.swift in Sources */ = {isa = PBXBuildFile; fileRef = A20012 /* DashboardView.swift */; };
		A10013 /* MotionDashboardCards.swift in Sources */ = {isa = PBXBuildFile; fileRef = A20013 /* MotionDashboardCards.swift */; };
		A10014 /* LocationDashboardCards.swift in Sources */ = {isa = PBXBuildFile; fileRef = A20014 /* LocationDashboardCards.swift */; };
		A10015 /* EnvironmentDashboardCards.swift in Sources */ = {isa = PBXBuildFile; fileRef = A20015 /* EnvironmentDashboardCards.swift */; };
		A10016 /* SystemDashboardCards.swift in Sources */ = {isa = PBXBuildFile; fileRef = A20016 /* SystemDashboardCards.swift */; };
		A10017 /* ConnectivityDashboardCards.swift in Sources */ = {isa = PBXBuildFile; fileRef = A20017 /* ConnectivityDashboardCards.swift */; };
		A10018 /* CameraDashboardCards.swift in Sources */ = {isa = PBXBuildFile; fileRef = A20018 /* CameraDashboardCards.swift */; };
		A10019 /* SensorComponents.swift in Sources */ = {isa = PBXBuildFile; fileRef = A20019 /* SensorComponents.swift */; };
		A10020 /* AccelerometerDetailView.swift in Sources */ = {isa = PBXBuildFile; fileRef = A20020 /* AccelerometerDetailView.swift */; };
		A10021 /* GyroscopeDetailView.swift in Sources */ = {isa = PBXBuildFile; fileRef = A20021 /* GyroscopeDetailView.swift */; };
		A10022 /* MagnetometerDetailView.swift in Sources */ = {isa = PBXBuildFile; fileRef = A20022 /* MagnetometerDetailView.swift */; };
		A10023 /* DeviceMotionDetailView.swift in Sources */ = {isa = PBXBuildFile; fileRef = A20023 /* DeviceMotionDetailView.swift */; };
		A10024 /* PedometerDetailView.swift in Sources */ = {isa = PBXBuildFile; fileRef = A20024 /* PedometerDetailView.swift */; };
		A10025 /* AltimeterDetailView.swift in Sources */ = {isa = PBXBuildFile; fileRef = A20025 /* AltimeterDetailView.swift */; };
		A10026 /* ActivityDetailView.swift in Sources */ = {isa = PBXBuildFile; fileRef = A20026 /* ActivityDetailView.swift */; };
		A10027 /* LocationDetailView.swift in Sources */ = {isa = PBXBuildFile; fileRef = A20027 /* LocationDetailView.swift */; };
		A10028 /* HeadingDetailView.swift in Sources */ = {isa = PBXBuildFile; fileRef = A20028 /* HeadingDetailView.swift */; };
		A10029 /* BarometerDetailView.swift in Sources */ = {isa = PBXBuildFile; fileRef = A20029 /* BarometerDetailView.swift */; };
		A10030 /* ProximityDetailView.swift in Sources */ = {isa = PBXBuildFile; fileRef = A20030 /* ProximityDetailView.swift */; };
		A10031 /* LightDetailView.swift in Sources */ = {isa = PBXBuildFile; fileRef = A20031 /* LightDetailView.swift */; };
		A10032 /* BatteryDetailView.swift in Sources */ = {isa = PBXBuildFile; fileRef = A20032 /* BatteryDetailView.swift */; };
		A10033 /* ProcessorDetailView.swift in Sources */ = {isa = PBXBuildFile; fileRef = A20033 /* ProcessorDetailView.swift */; };
		A10034 /* MemoryDetailView.swift in Sources */ = {isa = PBXBuildFile; fileRef = A20034 /* MemoryDetailView.swift */; };
		A10035 /* DiskDetailView.swift in Sources */ = {isa = PBXBuildFile; fileRef = A20035 /* DiskDetailView.swift */; };
		A10036 /* ThermalDetailView.swift in Sources */ = {isa = PBXBuildFile; fileRef = A20036 /* ThermalDetailView.swift */; };
		A10037 /* BluetoothDetailView.swift in Sources */ = {isa = PBXBuildFile; fileRef = A20037 /* BluetoothDetailView.swift */; };
		A10038 /* NetworkDetailView.swift in Sources */ = {isa = PBXBuildFile; fileRef = A20038 /* NetworkDetailView.swift */; };
		A10039 /* CameraDetailView.swift in Sources */ = {isa = PBXBuildFile; fileRef = A20039 /* CameraDetailView.swift */; };
		A10040 /* TorchDetailView.swift in Sources */ = {isa = PBXBuildFile; fileRef = A20040 /* TorchDetailView.swift */; };
		A10041 /* SystemInfoView.swift in Sources */ = {isa = PBXBuildFile; fileRef = A20041 /* SystemInfoView.swift */; };
		A10042 /* EnvironmentView.swift in Sources */ = {isa = PBXBuildFile; fileRef = A20042 /* EnvironmentView.swift */; };
		A10043 /* HealthView.swift in Sources */ = {isa = PBXBuildFile; fileRef = A20043 /* HealthView.swift */; };
		A10044 /* Assets.xcassets in Resources */ = {isa = PBXBuildFile; fileRef = A20044 /* Assets.xcassets */; };
		A10045 /* PermissionManager.swift in Sources */ = {isa = PBXBuildFile; fileRef = A20047 /* PermissionManager.swift */; };
		A10046 /* PermissionGate.swift in Sources */ = {isa = PBXBuildFile; fileRef = A20048 /* PermissionGate.swift */; };
		A10047 /* PermissionRequestView.swift in Sources */ = {isa = PBXBuildFile; fileRef = A20049 /* PermissionRequestView.swift */; };
		A10048 /* LocalizationManager.swift in Sources */ = {isa = PBXBuildFile; fileRef = A20050 /* LocalizationManager.swift */; };
		A27EC14DE73457245629B18F /* LoggingCoordinatorTests.swift in Sources */ = {isa = PBXBuildFile; fileRef = 66433F054CC0C3994CB0BBB7 /* LoggingCoordinatorTests.swift */; };
		A43539FCEA85E9C7AF07347C /* LoggingConfigStore.swift in Sources */ = {isa = PBXBuildFile; fileRef = 6B4804C98528F1A395AA87C5 /* LoggingConfigStore.swift */; };
		A690E991EB9C73419E1C1ACD /* JSONLogWriterTests.swift in Sources */ = {isa = PBXBuildFile; fileRef = 4411AE2D68C774D24A5397C6 /* JSONLogWriterTests.swift */; };
		A7B15E3127C68F71B78B982C /* SensorID.swift in Sources */ = {isa = PBXBuildFile; fileRef = F7BEA810FC635A7BD9C9A3AC /* SensorID.swift */; };
		C1A3AD6FF9DD9F8E82618779 /* SmokeTests.swift in Sources */ = {isa = PBXBuildFile; fileRef = 657018A9A78479B1694B4F1E /* SmokeTests.swift */; };
		C83340220CE29A48FE20E8CE /* LogStoragePathsTests.swift in Sources */ = {isa = PBXBuildFile; fileRef = 719B516DBF49963C98554453 /* LogStoragePathsTests.swift */; };
		CA1E96100A7910FBE22282D7 /* GRDB in Frameworks */ = {isa = PBXBuildFile; productRef = C792843E1C0D187A3CFB8747 /* GRDB */; };
		D6A913C7DFFB498BE01C0B99 /* SensorEventBus.swift in Sources */ = {isa = PBXBuildFile; fileRef = 343C0ACC130BB19B2ADBA475 /* SensorEventBus.swift */; };
		DC656192B65A38CA90CECA0B /* SensorLogSession.swift in Sources */ = {isa = PBXBuildFile; fileRef = 881FC36FAD1F231118C14020 /* SensorLogSession.swift */; };
		E28DA5368CC3698585BA9582 /* GRDB in Frameworks */ = {isa = PBXBuildFile; productRef = 40573D4123C48D7BDA7E7BCE /* GRDB */; };
		ECC35A4E0C1EDBB33835AB3E /* DatabaseSchema.swift in Sources */ = {isa = PBXBuildFile; fileRef = FE05FF706F49B07AEF568AF9 /* DatabaseSchema.swift */; };
		F64720ED9B96924C552A0AF8 /* LoggingService.swift in Sources */ = {isa = PBXBuildFile; fileRef = BFB05EE7AC57F8E507059D80 /* LoggingService.swift */; };
		FED114EB00C8FE3AF1C9C1B2 /* SensorIDTests.swift in Sources */ = {isa = PBXBuildFile; fileRef = 71F8A2FB8054F8FD6B7B6FD7 /* SensorIDTests.swift */; };
/* End PBXBuildFile section */

/* Begin PBXContainerItemProxy section */
		4BC5D129F222D58D722F83A2 /* PBXContainerItemProxy */ = {
			isa = PBXContainerItemProxy;
			containerPortal = A40001 /* Project object */;
			proxyType = 1;
			remoteGlobalIDString = A70001;
			remoteInfo = iPhoneSensors;
		};
/* End PBXContainerItemProxy section */

/* Begin PBXFileReference section */
		04BA3C0863ED650591E6FFDD /* FormatOptions.swift */ = {isa = PBXFileReference; includeInIndex = 1; lastKnownFileType = sourcecode.swift; path = FormatOptions.swift; sourceTree = "<group>"; };
		09E3ECD4A7CFAED3DF1CA362 /* SensorLogEntry.swift */ = {isa = PBXFileReference; includeInIndex = 1; lastKnownFileType = sourcecode.swift; path = SensorLogEntry.swift; sourceTree = "<group>"; };
		16447308C00155CADFCF41D7 /* LogWriter.swift */ = {isa = PBXFileReference; includeInIndex = 1; lastKnownFileType = sourcecode.swift; path = LogWriter.swift; sourceTree = "<group>"; };
		1CC53B5C7301DA9E76759A58 /* LogStream.swift */ = {isa = PBXFileReference; includeInIndex = 1; lastKnownFileType = sourcecode.swift; path = LogStream.swift; sourceTree = "<group>"; };
		28A3431A40FBA3DF65A7A324 /* LogFormatTests.swift */ = {isa = PBXFileReference; includeInIndex = 1; lastKnownFileType = sourcecode.swift; path = LogFormatTests.swift; sourceTree = "<group>"; };
		28DA6F957E5C92CD4E67730B /* SensorSample.swift */ = {isa = PBXFileReference; includeInIndex = 1; lastKnownFileType = sourcecode.swift; path = SensorSample.swift; sourceTree = "<group>"; };
		2E7E63FB86C8D5FCEA00BB74 /* SensorPayload.swift */ = {isa = PBXFileReference; includeInIndex = 1; lastKnownFileType = sourcecode.swift; path = SensorPayload.swift; sourceTree = "<group>"; };
		31AB305E371227B6B1778E38 /* JSONLogWriter.swift */ = {isa = PBXFileReference; includeInIndex = 1; lastKnownFileType = sourcecode.swift; path = JSONLogWriter.swift; sourceTree = "<group>"; };
		343C0ACC130BB19B2ADBA475 /* SensorEventBus.swift */ = {isa = PBXFileReference; includeInIndex = 1; lastKnownFileType = sourcecode.swift; path = SensorEventBus.swift; sourceTree = "<group>"; };
		4411AE2D68C774D24A5397C6 /* JSONLogWriterTests.swift */ = {isa = PBXFileReference; includeInIndex = 1; lastKnownFileType = sourcecode.swift; path = JSONLogWriterTests.swift; sourceTree = "<group>"; };
		56058C4BF0225270B8C2678C /* LoggingConfigStoreTests.swift */ = {isa = PBXFileReference; includeInIndex = 1; lastKnownFileType = sourcecode.swift; path = LoggingConfigStoreTests.swift; sourceTree = "<group>"; };
		5B90DA5947AD3DC86360DF6A /* LoggingConfiguration.swift */ = {isa = PBXFileReference; includeInIndex = 1; lastKnownFileType = sourcecode.swift; path = LoggingConfiguration.swift; sourceTree = "<group>"; };
		657018A9A78479B1694B4F1E /* SmokeTests.swift */ = {isa = PBXFileReference; includeInIndex = 1; lastKnownFileType = sourcecode.swift; path = SmokeTests.swift; sourceTree = "<group>"; };
		66433F054CC0C3994CB0BBB7 /* LoggingCoordinatorTests.swift */ = {isa = PBXFileReference; includeInIndex = 1; lastKnownFileType = sourcecode.swift; path = LoggingCoordinatorTests.swift; sourceTree = "<group>"; };
		68AE59DD0CC363B0DA9B9980 /* LoggingCoordinator.swift */ = {isa = PBXFileReference; includeInIndex = 1; lastKnownFileType = sourcecode.swift; path = LoggingCoordinator.swift; sourceTree = "<group>"; };
		6B4804C98528F1A395AA87C5 /* LoggingConfigStore.swift */ = {isa = PBXFileReference; includeInIndex = 1; lastKnownFileType = sourcecode.swift; path = LoggingConfigStore.swift; sourceTree = "<group>"; };
		719B516DBF49963C98554453 /* LogStoragePathsTests.swift */ = {isa = PBXFileReference; includeInIndex = 1; lastKnownFileType = sourcecode.swift; path = LogStoragePathsTests.swift; sourceTree = "<group>"; };
		71F8A2FB8054F8FD6B7B6FD7 /* SensorIDTests.swift */ = {isa = PBXFileReference; includeInIndex = 1; lastKnownFileType = sourcecode.swift; path = SensorIDTests.swift; sourceTree = "<group>"; };
		78E085E14C6C14504C50B19C /* LogStorageManager.swift */ = {isa = PBXFileReference; includeInIndex = 1; lastKnownFileType = sourcecode.swift; path = LogStorageManager.swift; sourceTree = "<group>"; };
		7DB2481498C9464D585A5310 /* SQLiteLogWriter.swift */ = {isa = PBXFileReference; includeInIndex = 1; lastKnownFileType = sourcecode.swift; path = SQLiteLogWriter.swift; sourceTree = "<group>"; };
		82BA27E755BB656809C5DA54 /* CSVLogWriterTests.swift */ = {isa = PBXFileReference; includeInIndex = 1; lastKnownFileType = sourcecode.swift; path = CSVLogWriterTests.swift; sourceTree = "<group>"; };
		881FC36FAD1F231118C14020 /* SensorLogSession.swift */ = {isa = PBXFileReference; includeInIndex = 1; lastKnownFileType = sourcecode.swift; path = SensorLogSession.swift; sourceTree = "<group>"; };
		A179785AC4D9C75D245A168B /* SessionLifecycleTests.swift */ = {isa = PBXFileReference; includeInIndex = 1; lastKnownFileType = sourcecode.swift; path = SessionLifecycleTests.swift; sourceTree = "<group>"; };
		A20001 /* iPhoneSensorsApp.swift */ = {isa = PBXFileReference; lastKnownFileType = sourcecode.swift; path = iPhoneSensorsApp.swift; sourceTree = "<group>"; };
		A20002 /* ContentView.swift */ = {isa = PBXFileReference; lastKnownFileType = sourcecode.swift; path = ContentView.swift; sourceTree = "<group>"; };
		A20004 /* SensorManager.swift */ = {isa = PBXFileReference; lastKnownFileType = sourcecode.swift; path = SensorManager.swift; sourceTree = "<group>"; };
		A20005 /* MotionSensorManager.swift */ = {isa = PBXFileReference; lastKnownFileType = sourcecode.swift; path = MotionSensorManager.swift; sourceTree = "<group>"; };
		A20006 /* LocationSensorManager.swift */ = {isa = PBXFileReference; lastKnownFileType = sourcecode.swift; path = LocationSensorManager.swift; sourceTree = "<group>"; };
		A20007 /* EnvironmentSensorManager.swift */ = {isa = PBXFileReference; lastKnownFileType = sourcecode.swift; path = EnvironmentSensorManager.swift; sourceTree = "<group>"; };
		A20008 /* SystemSensorManager.swift */ = {isa = PBXFileReference; lastKnownFileType = sourcecode.swift; path = SystemSensorManager.swift; sourceTree = "<group>"; };
		A20009 /* HealthSensorManager.swift */ = {isa = PBXFileReference; lastKnownFileType = sourcecode.swift; path = HealthSensorManager.swift; sourceTree = "<group>"; };
		A20010 /* ConnectivitySensorManager.swift */ = {isa = PBXFileReference; lastKnownFileType = sourcecode.swift; path = ConnectivitySensorManager.swift; sourceTree = "<group>"; };
		A20011 /* CameraSensorManager.swift */ = {isa = PBXFileReference; lastKnownFileType = sourcecode.swift; path = CameraSensorManager.swift; sourceTree = "<group>"; };
		A20012 /* DashboardView.swift */ = {isa = PBXFileReference; lastKnownFileType = sourcecode.swift; path = DashboardView.swift; sourceTree = "<group>"; };
		A20013 /* MotionDashboardCards.swift */ = {isa = PBXFileReference; lastKnownFileType = sourcecode.swift; path = MotionDashboardCards.swift; sourceTree = "<group>"; };
		A20014 /* LocationDashboardCards.swift */ = {isa = PBXFileReference; lastKnownFileType = sourcecode.swift; path = LocationDashboardCards.swift; sourceTree = "<group>"; };
		A20015 /* EnvironmentDashboardCards.swift */ = {isa = PBXFileReference; lastKnownFileType = sourcecode.swift; path = EnvironmentDashboardCards.swift; sourceTree = "<group>"; };
		A20016 /* SystemDashboardCards.swift */ = {isa = PBXFileReference; lastKnownFileType = sourcecode.swift; path = SystemDashboardCards.swift; sourceTree = "<group>"; };
		A20017 /* ConnectivityDashboardCards.swift */ = {isa = PBXFileReference; lastKnownFileType = sourcecode.swift; path = ConnectivityDashboardCards.swift; sourceTree = "<group>"; };
		A20018 /* CameraDashboardCards.swift */ = {isa = PBXFileReference; lastKnownFileType = sourcecode.swift; path = CameraDashboardCards.swift; sourceTree = "<group>"; };
		A20019 /* SensorComponents.swift */ = {isa = PBXFileReference; lastKnownFileType = sourcecode.swift; path = SensorComponents.swift; sourceTree = "<group>"; };
		A20020 /* AccelerometerDetailView.swift */ = {isa = PBXFileReference; lastKnownFileType = sourcecode.swift; path = AccelerometerDetailView.swift; sourceTree = "<group>"; };
		A20021 /* GyroscopeDetailView.swift */ = {isa = PBXFileReference; lastKnownFileType = sourcecode.swift; path = GyroscopeDetailView.swift; sourceTree = "<group>"; };
		A20022 /* MagnetometerDetailView.swift */ = {isa = PBXFileReference; lastKnownFileType = sourcecode.swift; path = MagnetometerDetailView.swift; sourceTree = "<group>"; };
		A20023 /* DeviceMotionDetailView.swift */ = {isa = PBXFileReference; lastKnownFileType = sourcecode.swift; path = DeviceMotionDetailView.swift; sourceTree = "<group>"; };
		A20024 /* PedometerDetailView.swift */ = {isa = PBXFileReference; lastKnownFileType = sourcecode.swift; path = PedometerDetailView.swift; sourceTree = "<group>"; };
		A20025 /* AltimeterDetailView.swift */ = {isa = PBXFileReference; lastKnownFileType = sourcecode.swift; path = AltimeterDetailView.swift; sourceTree = "<group>"; };
		A20026 /* ActivityDetailView.swift */ = {isa = PBXFileReference; lastKnownFileType = sourcecode.swift; path = ActivityDetailView.swift; sourceTree = "<group>"; };
		A20027 /* LocationDetailView.swift */ = {isa = PBXFileReference; lastKnownFileType = sourcecode.swift; path = LocationDetailView.swift; sourceTree = "<group>"; };
		A20028 /* HeadingDetailView.swift */ = {isa = PBXFileReference; lastKnownFileType = sourcecode.swift; path = HeadingDetailView.swift; sourceTree = "<group>"; };
		A20029 /* BarometerDetailView.swift */ = {isa = PBXFileReference; lastKnownFileType = sourcecode.swift; path = BarometerDetailView.swift; sourceTree = "<group>"; };
		A20030 /* ProximityDetailView.swift */ = {isa = PBXFileReference; lastKnownFileType = sourcecode.swift; path = ProximityDetailView.swift; sourceTree = "<group>"; };
		A20031 /* LightDetailView.swift */ = {isa = PBXFileReference; lastKnownFileType = sourcecode.swift; path = LightDetailView.swift; sourceTree = "<group>"; };
		A20032 /* BatteryDetailView.swift */ = {isa = PBXFileReference; lastKnownFileType = sourcecode.swift; path = BatteryDetailView.swift; sourceTree = "<group>"; };
		A20033 /* ProcessorDetailView.swift */ = {isa = PBXFileReference; lastKnownFileType = sourcecode.swift; path = ProcessorDetailView.swift; sourceTree = "<group>"; };
		A20034 /* MemoryDetailView.swift */ = {isa = PBXFileReference; lastKnownFileType = sourcecode.swift; path = MemoryDetailView.swift; sourceTree = "<group>"; };
		A20035 /* DiskDetailView.swift */ = {isa = PBXFileReference; lastKnownFileType = sourcecode.swift; path = DiskDetailView.swift; sourceTree = "<group>"; };
		A20036 /* ThermalDetailView.swift */ = {isa = PBXFileReference; lastKnownFileType = sourcecode.swift; path = ThermalDetailView.swift; sourceTree = "<group>"; };
		A20037 /* BluetoothDetailView.swift */ = {isa = PBXFileReference; lastKnownFileType = sourcecode.swift; path = BluetoothDetailView.swift; sourceTree = "<group>"; };
		A20038 /* NetworkDetailView.swift */ = {isa = PBXFileReference; lastKnownFileType = sourcecode.swift; path = NetworkDetailView.swift; sourceTree = "<group>"; };
		A20039 /* CameraDetailView.swift */ = {isa = PBXFileReference; lastKnownFileType = sourcecode.swift; path = CameraDetailView.swift; sourceTree = "<group>"; };
		A20040 /* TorchDetailView.swift */ = {isa = PBXFileReference; lastKnownFileType = sourcecode.swift; path = TorchDetailView.swift; sourceTree = "<group>"; };
		A20041 /* SystemInfoView.swift */ = {isa = PBXFileReference; lastKnownFileType = sourcecode.swift; path = SystemInfoView.swift; sourceTree = "<group>"; };
		A20042 /* EnvironmentView.swift */ = {isa = PBXFileReference; lastKnownFileType = sourcecode.swift; path = EnvironmentView.swift; sourceTree = "<group>"; };
		A20043 /* HealthView.swift */ = {isa = PBXFileReference; lastKnownFileType = sourcecode.swift; path = HealthView.swift; sourceTree = "<group>"; };
		A20044 /* Assets.xcassets */ = {isa = PBXFileReference; lastKnownFileType = folder.assetcatalog; path = Assets.xcassets; sourceTree = "<group>"; };
		A20045 /* Info.plist */ = {isa = PBXFileReference; lastKnownFileType = text.plist.xml; path = Info.plist; sourceTree = "<group>"; };
		A20046 /* iPhoneSensors.entitlements */ = {isa = PBXFileReference; lastKnownFileType = text.plist.entitlements; path = iPhoneSensors.entitlements; sourceTree = "<group>"; };
		A20047 /* PermissionManager.swift */ = {isa = PBXFileReference; lastKnownFileType = sourcecode.swift; path = PermissionManager.swift; sourceTree = "<group>"; };
		A20048 /* PermissionGate.swift */ = {isa = PBXFileReference; lastKnownFileType = sourcecode.swift; path = PermissionGate.swift; sourceTree = "<group>"; };
		A20049 /* PermissionRequestView.swift */ = {isa = PBXFileReference; lastKnownFileType = sourcecode.swift; path = PermissionRequestView.swift; sourceTree = "<group>"; };
		A20050 /* LocalizationManager.swift */ = {isa = PBXFileReference; lastKnownFileType = sourcecode.swift; path = LocalizationManager.swift; sourceTree = "<group>"; };
		A30001 /* iPhoneSensors.app */ = {isa = PBXFileReference; explicitFileType = wrapper.application; includeInIndex = 0; path = iPhoneSensors.app; sourceTree = BUILT_PRODUCTS_DIR; };
		A4B14182F5B60F60AF8FD957 /* LogFormat.swift */ = {isa = PBXFileReference; includeInIndex = 1; lastKnownFileType = sourcecode.swift; path = LogFormat.swift; sourceTree = "<group>"; };
		AFC68EB14A90DE7865932DBE /* Foundation.framework */ = {isa = PBXFileReference; lastKnownFileType = wrapper.framework; name = Foundation.framework; path = Platforms/iPhoneOS.platform/Developer/SDKs/iPhoneOS14.0.sdk/System/Library/Frameworks/Foundation.framework; sourceTree = DEVELOPER_DIR; };
		B2AE95106B086DBB5871FA97 /* SQLiteLogWriterTests.swift */ = {isa = PBXFileReference; includeInIndex = 1; lastKnownFileType = sourcecode.swift; path = SQLiteLogWriterTests.swift; sourceTree = "<group>"; };
		B7A5AA4F8CCBB1D1D6C2326C /* CSVLogWriter.swift */ = {isa = PBXFileReference; includeInIndex = 1; lastKnownFileType = sourcecode.swift; path = CSVLogWriter.swift; sourceTree = "<group>"; };
		BFB05EE7AC57F8E507059D80 /* LoggingService.swift */ = {isa = PBXFileReference; includeInIndex = 1; lastKnownFileType = sourcecode.swift; path = LoggingService.swift; sourceTree = "<group>"; };
		CD9676E7662B9D9AC7E10AAC /* LoggingConfigurationTests.swift */ = {isa = PBXFileReference; includeInIndex = 1; lastKnownFileType = sourcecode.swift; path = LoggingConfigurationTests.swift; sourceTree = "<group>"; };
		E9E58D9F43A870BD554E69B0 /* DatabaseSchemaTests.swift */ = {isa = PBXFileReference; includeInIndex = 1; lastKnownFileType = sourcecode.swift; path = DatabaseSchemaTests.swift; sourceTree = "<group>"; };
		EFDF764D65243C574012269C /* SensorPayloadTests.swift */ = {isa = PBXFileReference; includeInIndex = 1; lastKnownFileType = sourcecode.swift; path = SensorPayloadTests.swift; sourceTree = "<group>"; };
		F5ED6A2C38BDA9102677340C /* iPhoneSensorsTests.xctest */ = {isa = PBXFileReference; explicitFileType = wrapper.cfbundle; includeInIndex = 0; path = iPhoneSensorsTests.xctest; sourceTree = BUILT_PRODUCTS_DIR; };
		F7BEA810FC635A7BD9C9A3AC /* SensorID.swift */ = {isa = PBXFileReference; includeInIndex = 1; lastKnownFileType = sourcecode.swift; path = SensorID.swift; sourceTree = "<group>"; };
		F7FE86079943BF19E6C9FCB9 /* SessionManager.swift */ = {isa = PBXFileReference; includeInIndex = 1; lastKnownFileType = sourcecode.swift; path = SessionManager.swift; sourceTree = "<group>"; };
		FE05FF706F49B07AEF568AF9 /* DatabaseSchema.swift */ = {isa = PBXFileReference; includeInIndex = 1; lastKnownFileType = sourcecode.swift; path = DatabaseSchema.swift; sourceTree = "<group>"; };
/* End PBXFileReference section */

/* Begin PBXFrameworksBuildPhase section */
		A50001 /* Frameworks */ = {
			isa = PBXFrameworksBuildPhase;
			buildActionMask = 2147483647;
			files = (
				CA1E96100A7910FBE22282D7 /* GRDB in Frameworks */,
			);
			runOnlyForDeploymentPostprocessing = 0;
		};
		B6C790D25256786B6967F693 /* Frameworks */ = {
			isa = PBXFrameworksBuildPhase;
			buildActionMask = 2147483647;
			files = (
				76A1F144BBE63C97784D8237 /* Foundation.framework in Frameworks */,
				E28DA5368CC3698585BA9582 /* GRDB in Frameworks */,
			);
			runOnlyForDeploymentPostprocessing = 0;
		};
/* End PBXFrameworksBuildPhase section */

/* Begin PBXGroup section */
		57E98C255E8C202B9D8B722B /* iPhoneSensorsTests */ = {
			isa = PBXGroup;
			children = (
				657018A9A78479B1694B4F1E /* SmokeTests.swift */,
				71F8A2FB8054F8FD6B7B6FD7 /* SensorIDTests.swift */,
				28A3431A40FBA3DF65A7A324 /* LogFormatTests.swift */,
				EFDF764D65243C574012269C /* SensorPayloadTests.swift */,
				CD9676E7662B9D9AC7E10AAC /* LoggingConfigurationTests.swift */,
				56058C4BF0225270B8C2678C /* LoggingConfigStoreTests.swift */,
				719B516DBF49963C98554453 /* LogStoragePathsTests.swift */,
				4411AE2D68C774D24A5397C6 /* JSONLogWriterTests.swift */,
				66433F054CC0C3994CB0BBB7 /* LoggingCoordinatorTests.swift */,
				E9E58D9F43A870BD554E69B0 /* DatabaseSchemaTests.swift */,
				B2AE95106B086DBB5871FA97 /* SQLiteLogWriterTests.swift */,
				82BA27E755BB656809C5DA54 /* CSVLogWriterTests.swift */,
				A179785AC4D9C75D245A168B /* SessionLifecycleTests.swift */,
			);
			path = iPhoneSensorsTests;
			sourceTree = SOURCE_ROOT;
		};
		66960F04831598D04D95A5D9 /* iOS */ = {
			isa = PBXGroup;
			children = (
				AFC68EB14A90DE7865932DBE /* Foundation.framework */,
			);
			name = iOS;
			sourceTree = "<group>";
		};
		83595DB8D34A1F52FCB04988 /* Writers */ = {
			isa = PBXGroup;
			children = (
				16447308C00155CADFCF41D7 /* LogWriter.swift */,
				31AB305E371227B6B1778E38 /* JSONLogWriter.swift */,
				7DB2481498C9464D585A5310 /* SQLiteLogWriter.swift */,
				B7A5AA4F8CCBB1D1D6C2326C /* CSVLogWriter.swift */,
			);
			name = Writers;
			path = iPhoneSensors/Services/Logging/Writers;
			sourceTree = SOURCE_ROOT;
		};
		91DD307B07744E5AF15DD83B /* Logging */ = {
			isa = PBXGroup;
			children = (
				F7BEA810FC635A7BD9C9A3AC /* SensorID.swift */,
				A4B14182F5B60F60AF8FD957 /* LogFormat.swift */,
				1CC53B5C7301DA9E76759A58 /* LogStream.swift */,
				04BA3C0863ED650591E6FFDD /* FormatOptions.swift */,
				2E7E63FB86C8D5FCEA00BB74 /* SensorPayload.swift */,
				28DA6F957E5C92CD4E67730B /* SensorSample.swift */,
				5B90DA5947AD3DC86360DF6A /* LoggingConfiguration.swift */,
				09E3ECD4A7CFAED3DF1CA362 /* SensorLogEntry.swift */,
				881FC36FAD1F231118C14020 /* SensorLogSession.swift */,
			);
			name = Logging;
			path = iPhoneSensors/Models/Logging;
			sourceTree = SOURCE_ROOT;
		};
		A60001 = {
			isa = PBXGroup;
			children = (
				A60002 /* iPhoneSensors */,
				A60011 /* Products */,
				E78B278E88A0D101AF6BBDE0 /* Frameworks */,
				57E98C255E8C202B9D8B722B /* iPhoneSensorsTests */,
			);
			sourceTree = "<group>";
		};
		A60002 /* iPhoneSensors */ = {
			isa = PBXGroup;
			children = (
				A60003 /* App */,
				A60004 /* Views */,
				A60008 /* Services */,
				A60009 /* Models */,
				A60010 /* Resources */,
				A20044 /* Assets.xcassets */,
				A20045 /* Info.plist */,
				A20046 /* iPhoneSensors.entitlements */,
			);
			path = iPhoneSensors;
			sourceTree = "<group>";
		};
		A60003 /* App */ = {
			isa = PBXGroup;
			children = (
				A20001 /* iPhoneSensorsApp.swift */,
				A20002 /* ContentView.swift */,
			);
			path = App;
			sourceTree = "<group>";
		};
		A60004 /* Views */ = {
			isa = PBXGroup;
			children = (
				A60005 /* Dashboard */,
				A60006 /* Sensors */,
				A60007 /* Components */,
			);
			path = Views;
			sourceTree = "<group>";
		};
		A60005 /* Dashboard */ = {
			isa = PBXGroup;
			children = (
				A20012 /* DashboardView.swift */,
				A20013 /* MotionDashboardCards.swift */,
				A20014 /* LocationDashboardCards.swift */,
				A20015 /* EnvironmentDashboardCards.swift */,
				A20016 /* SystemDashboardCards.swift */,
				A20017 /* ConnectivityDashboardCards.swift */,
				A20018 /* CameraDashboardCards.swift */,
				A20041 /* SystemInfoView.swift */,
				A20042 /* EnvironmentView.swift */,
				A20043 /* HealthView.swift */,
			);
			path = Dashboard;
			sourceTree = "<group>";
		};
		A60006 /* Sensors */ = {
			isa = PBXGroup;
			children = (
				A20020 /* AccelerometerDetailView.swift */,
				A20021 /* GyroscopeDetailView.swift */,
				A20022 /* MagnetometerDetailView.swift */,
				A20023 /* DeviceMotionDetailView.swift */,
				A20024 /* PedometerDetailView.swift */,
				A20025 /* AltimeterDetailView.swift */,
				A20026 /* ActivityDetailView.swift */,
				A20027 /* LocationDetailView.swift */,
				A20028 /* HeadingDetailView.swift */,
				A20029 /* BarometerDetailView.swift */,
				A20030 /* ProximityDetailView.swift */,
				A20031 /* LightDetailView.swift */,
				A20032 /* BatteryDetailView.swift */,
				A20033 /* ProcessorDetailView.swift */,
				A20034 /* MemoryDetailView.swift */,
				A20035 /* DiskDetailView.swift */,
				A20036 /* ThermalDetailView.swift */,
				A20037 /* BluetoothDetailView.swift */,
				A20038 /* NetworkDetailView.swift */,
				A20039 /* CameraDetailView.swift */,
				A20040 /* TorchDetailView.swift */,
			);
			path = Sensors;
			sourceTree = "<group>";
		};
		A60007 /* Components */ = {
			isa = PBXGroup;
			children = (
				A20019 /* SensorComponents.swift */,
				A20048 /* PermissionGate.swift */,
				A20049 /* PermissionRequestView.swift */,
			);
			path = Components;
			sourceTree = "<group>";
		};
		A60008 /* Services */ = {
			isa = PBXGroup;
			children = (
				A20004 /* SensorManager.swift */,
				A20005 /* MotionSensorManager.swift */,
				A20006 /* LocationSensorManager.swift */,
				A20007 /* EnvironmentSensorManager.swift */,
				A20008 /* SystemSensorManager.swift */,
				A20009 /* HealthSensorManager.swift */,
				A20010 /* ConnectivitySensorManager.swift */,
				A20011 /* CameraSensorManager.swift */,
				A20047 /* PermissionManager.swift */,
				A20050 /* LocalizationManager.swift */,
				C9138177BAF38B015CAE8BC9 /* Logging */,
			);
			path = Services;
			sourceTree = "<group>";
		};
		A60009 /* Models */ = {
			isa = PBXGroup;
			children = (
				91DD307B07744E5AF15DD83B /* Logging */,
			);
			path = Models;
			sourceTree = "<group>";
		};
		A60010 /* Resources */ = {
			isa = PBXGroup;
			children = (
			);
			path = Resources;
			sourceTree = "<group>";
		};
		A60011 /* Products */ = {
			isa = PBXGroup;
			children = (
				A30001 /* iPhoneSensors.app */,
				F5ED6A2C38BDA9102677340C /* iPhoneSensorsTests.xctest */,
			);
			name = Products;
			sourceTree = "<group>";
		};
		C9138177BAF38B015CAE8BC9 /* Logging */ = {
			isa = PBXGroup;
			children = (
				6B4804C98528F1A395AA87C5 /* LoggingConfigStore.swift */,
				78E085E14C6C14504C50B19C /* LogStorageManager.swift */,
				83595DB8D34A1F52FCB04988 /* Writers */,
				343C0ACC130BB19B2ADBA475 /* SensorEventBus.swift */,
				68AE59DD0CC363B0DA9B9980 /* LoggingCoordinator.swift */,
				BFB05EE7AC57F8E507059D80 /* LoggingService.swift */,
				FE05FF706F49B07AEF568AF9 /* DatabaseSchema.swift */,
				F7FE86079943BF19E6C9FCB9 /* SessionManager.swift */,
			);
			name = Logging;
			path = iPhoneSensors/Services/Logging;
			sourceTree = SOURCE_ROOT;
		};
		E78B278E88A0D101AF6BBDE0 /* Frameworks */ = {
			isa = PBXGroup;
			children = (
				66960F04831598D04D95A5D9 /* iOS */,
			);
			name = Frameworks;
			sourceTree = "<group>";
		};
/* End PBXGroup section */

/* Begin PBXNativeTarget section */
		A70001 /* iPhoneSensors */ = {
			isa = PBXNativeTarget;
			buildConfigurationList = A90003 /* Build configuration list for PBXNativeTarget "iPhoneSensors" */;
			buildPhases = (
				A80001 /* Sources */,
				A50001 /* Frameworks */,
				A80002 /* Resources */,
			);
			buildRules = (
			);
			dependencies = (
			);
			name = iPhoneSensors;
			packageProductDependencies = (
				C792843E1C0D187A3CFB8747 /* GRDB */,
			);
			productName = iPhoneSensors;
			productReference = A30001 /* iPhoneSensors.app */;
			productType = "com.apple.product-type.application";
		};
		DED310FE3586A185A1FE1539 /* iPhoneSensorsTests */ = {
			isa = PBXNativeTarget;
			buildConfigurationList = 9A334324700A69030BFC3C70 /* Build configuration list for PBXNativeTarget "iPhoneSensorsTests" */;
			buildPhases = (
				D6168F47D29C3DDF8DE7902C /* Sources */,
				B6C790D25256786B6967F693 /* Frameworks */,
				11F958C9879027B78B26DAF8 /* Resources */,
			);
			buildRules = (
			);
			dependencies = (
				477367EA1C2EFF76EA7C1F0E /* PBXTargetDependency */,
			);
			name = iPhoneSensorsTests;
			packageProductDependencies = (
				40573D4123C48D7BDA7E7BCE /* GRDB */,
			);
			productName = iPhoneSensorsTests;
			productReference = F5ED6A2C38BDA9102677340C /* iPhoneSensorsTests.xctest */;
			productType = "com.apple.product-type.bundle.unit-test";
		};
/* End PBXNativeTarget section */

/* Begin PBXProject section */
		A40001 /* Project object */ = {
			isa = PBXProject;
			attributes = {
				BuildIndependentTargetsInParallel = 1;
				LastSwiftUpdateCheck = 1500;
				LastUpgradeCheck = 1500;
			};
			buildConfigurationList = A90001 /* Build configuration list for PBXProject "iPhoneSensors" */;
			compatibilityVersion = "Xcode 14.0";
			developmentRegion = en;
			hasScannedForEncodings = 0;
			knownRegions = (
				en,
				Base,
			);
			mainGroup = A60001;
			packageReferences = (
				2E38194F9E378D163241D6EC /* XCRemoteSwiftPackageReference "GRDB.swift" */,
			);
			productRefGroup = A60011 /* Products */;
			projectDirPath = "";
			projectRoot = "";
			targets = (
				A70001 /* iPhoneSensors */,
				DED310FE3586A185A1FE1539 /* iPhoneSensorsTests */,
			);
		};
/* End PBXProject section */

/* Begin PBXResourcesBuildPhase section */
		11F958C9879027B78B26DAF8 /* Resources */ = {
			isa = PBXResourcesBuildPhase;
			buildActionMask = 2147483647;
			files = (
			);
			runOnlyForDeploymentPostprocessing = 0;
		};
		A80002 /* Resources */ = {
			isa = PBXResourcesBuildPhase;
			buildActionMask = 2147483647;
			files = (
				A10044 /* Assets.xcassets in Resources */,
			);
			runOnlyForDeploymentPostprocessing = 0;
		};
/* End PBXResourcesBuildPhase section */

/* Begin PBXSourcesBuildPhase section */
		A80001 /* Sources */ = {
			isa = PBXSourcesBuildPhase;
			buildActionMask = 2147483647;
			files = (
				A10001 /* iPhoneSensorsApp.swift in Sources */,
				A10002 /* ContentView.swift in Sources */,
				A10004 /* SensorManager.swift in Sources */,
				A10005 /* MotionSensorManager.swift in Sources */,
				A10006 /* LocationSensorManager.swift in Sources */,
				A10007 /* EnvironmentSensorManager.swift in Sources */,
				A10008 /* SystemSensorManager.swift in Sources */,
				A10009 /* HealthSensorManager.swift in Sources */,
				A10010 /* ConnectivitySensorManager.swift in Sources */,
				A10011 /* CameraSensorManager.swift in Sources */,
				A10012 /* DashboardView.swift in Sources */,
				A10013 /* MotionDashboardCards.swift in Sources */,
				A10014 /* LocationDashboardCards.swift in Sources */,
				A10015 /* EnvironmentDashboardCards.swift in Sources */,
				A10016 /* SystemDashboardCards.swift in Sources */,
				A10017 /* ConnectivityDashboardCards.swift in Sources */,
				A10018 /* CameraDashboardCards.swift in Sources */,
				A10019 /* SensorComponents.swift in Sources */,
				A10020 /* AccelerometerDetailView.swift in Sources */,
				A10021 /* GyroscopeDetailView.swift in Sources */,
				A10022 /* MagnetometerDetailView.swift in Sources */,
				A10023 /* DeviceMotionDetailView.swift in Sources */,
				A10024 /* PedometerDetailView.swift in Sources */,
				A10025 /* AltimeterDetailView.swift in Sources */,
				A10026 /* ActivityDetailView.swift in Sources */,
				A10027 /* LocationDetailView.swift in Sources */,
				A10028 /* HeadingDetailView.swift in Sources */,
				A10029 /* BarometerDetailView.swift in Sources */,
				A10030 /* ProximityDetailView.swift in Sources */,
				A10031 /* LightDetailView.swift in Sources */,
				A10032 /* BatteryDetailView.swift in Sources */,
				A10033 /* ProcessorDetailView.swift in Sources */,
				A10034 /* MemoryDetailView.swift in Sources */,
				A10035 /* DiskDetailView.swift in Sources */,
				A10036 /* ThermalDetailView.swift in Sources */,
				A10037 /* BluetoothDetailView.swift in Sources */,
				A10038 /* NetworkDetailView.swift in Sources */,
				A10039 /* CameraDetailView.swift in Sources */,
				A10040 /* TorchDetailView.swift in Sources */,
				A10041 /* SystemInfoView.swift in Sources */,
				A10042 /* EnvironmentView.swift in Sources */,
				A10043 /* HealthView.swift in Sources */,
				A10045 /* PermissionManager.swift in Sources */,
				A10046 /* PermissionGate.swift in Sources */,
				A10047 /* PermissionRequestView.swift in Sources */,
				A10048 /* LocalizationManager.swift in Sources */,
				A7B15E3127C68F71B78B982C /* SensorID.swift in Sources */,
				38DBF935D6C89EB00077DE5C /* LogFormat.swift in Sources */,
				4B5FCC46FE55BED5741331FF /* LogStream.swift in Sources */,
				1F40F03A419D45E54DE4EDAB /* FormatOptions.swift in Sources */,
				9A6AC5BBFCD1F11160934A0C /* SensorPayload.swift in Sources */,
				039FB6FCE6DB59CF8E7076A3 /* SensorSample.swift in Sources */,
				8E7C8D12B5D7E75D06DB8DD4 /* LoggingConfiguration.swift in Sources */,
				A43539FCEA85E9C7AF07347C /* LoggingConfigStore.swift in Sources */,
				282CCB9E36465E4D406B69F6 /* LogStorageManager.swift in Sources */,
				3FBE03A3D73A42464DFC257A /* LogWriter.swift in Sources */,
				38BEE6F8F5B67FFBAC998C55 /* JSONLogWriter.swift in Sources */,
				D6A913C7DFFB498BE01C0B99 /* SensorEventBus.swift in Sources */,
				2753911E7EFBFFC999E2FAE9 /* LoggingCoordinator.swift in Sources */,
				F64720ED9B96924C552A0AF8 /* LoggingService.swift in Sources */,
				6E12817281492FE92EC28387 /* SensorLogEntry.swift in Sources */,
				DC656192B65A38CA90CECA0B /* SensorLogSession.swift in Sources */,
				ECC35A4E0C1EDBB33835AB3E /* DatabaseSchema.swift in Sources */,
				6CFD81477117C230DCCF0627 /* SQLiteLogWriter.swift in Sources */,
				58311120EFBDAE52B7BED3C4 /* CSVLogWriter.swift in Sources */,
				5D07D4454CD45BA63C37A4FD /* SessionManager.swift in Sources */,
			);
			runOnlyForDeploymentPostprocessing = 0;
		};
		D6168F47D29C3DDF8DE7902C /* Sources */ = {
			isa = PBXSourcesBuildPhase;
			buildActionMask = 2147483647;
			files = (
				C1A3AD6FF9DD9F8E82618779 /* SmokeTests.swift in Sources */,
				FED114EB00C8FE3AF1C9C1B2 /* SensorIDTests.swift in Sources */,
				5A2EF99ACBE5C105449F3C4C /* LogFormatTests.swift in Sources */,
				567A7657B342B57C17CFB926 /* SensorPayloadTests.swift in Sources */,
				362D55BF2001768A5964E603 /* LoggingConfigurationTests.swift in Sources */,
				1043ED939DD839AE2D8BEFCE /* LoggingConfigStoreTests.swift in Sources */,
				C83340220CE29A48FE20E8CE /* LogStoragePathsTests.swift in Sources */,
				A690E991EB9C73419E1C1ACD /* JSONLogWriterTests.swift in Sources */,
				A27EC14DE73457245629B18F /* LoggingCoordinatorTests.swift in Sources */,
				9DEC0AB6C2FEE6BA727938C6 /* DatabaseSchemaTests.swift in Sources */,
				6E68B2DAE8A343A10A2234D7 /* SQLiteLogWriterTests.swift in Sources */,
				109D7681C08C8BDBE51123D6 /* CSVLogWriterTests.swift in Sources */,
				2635A6E36E2C4926A87A3E2D /* SessionLifecycleTests.swift in Sources */,
			);
			runOnlyForDeploymentPostprocessing = 0;
		};
/* End PBXSourcesBuildPhase section */

/* Begin PBXTargetDependency section */
		477367EA1C2EFF76EA7C1F0E /* PBXTargetDependency */ = {
			isa = PBXTargetDependency;
			name = iPhoneSensors;
			target = A70001 /* iPhoneSensors */;
			targetProxy = 4BC5D129F222D58D722F83A2 /* PBXContainerItemProxy */;
		};
/* End PBXTargetDependency section */

/* Begin XCBuildConfiguration section */
		8D8CC279180EBD07B8C4E8E9 /* Release */ = {
			isa = XCBuildConfiguration;
			buildSettings = {
				BUNDLE_LOADER = "$(TEST_HOST)";
				CLANG_ENABLE_OBJC_WEAK = NO;
				GENERATE_INFOPLIST_FILE = YES;
				IPHONEOS_DEPLOYMENT_TARGET = 17.0;
				PRODUCT_BUNDLE_IDENTIFIER = com.allsensors.iPhoneSensorsTests;
				PRODUCT_NAME = "$(TARGET_NAME)";
				SDKROOT = iphoneos;
				SWIFT_VERSION = 5.0;
				TEST_HOST = "$(BUILT_PRODUCTS_DIR)/iPhoneSensors.app/iPhoneSensors";
				VALIDATE_PRODUCT = YES;
			};
			name = Release;
		};
		A90004 /* Debug */ = {
			isa = XCBuildConfiguration;
			buildSettings = {
				ALWAYS_SEARCH_USER_PATHS = NO;
				ASSETCATALOG_COMPILER_GENERATE_SWIFT_ASSET_SYMBOL_EXTENSIONS = YES;
				CLANG_ANALYZER_NONNULL = YES;
				CLANG_ANALYZER_NUMBER_OBJECT_CONVERSION = YES_AGGRESSIVE;
				CLANG_CXX_LANGUAGE_STANDARD = "gnu++20";
				CLANG_ENABLE_MODULES = YES;
				CLANG_ENABLE_OBJC_ARC = YES;
				CLANG_ENABLE_OBJC_WEAK = YES;
				CLANG_WARN_BLOCK_CAPTURE_AUTORELEASING = YES;
				CLANG_WARN_BOOL_CONVERSION = YES;
				CLANG_WARN_COMMA = YES;
				CLANG_WARN_CONSTANT_CONVERSION = YES;
				CLANG_WARN_DEPRECATED_OBJC_IMPLEMENTATIONS = YES;
				CLANG_WARN_DIRECT_OBJC_ISA_USAGE = YES_ERROR;
				CLANG_WARN_DOCUMENTATION_COMMENTS = YES;
				CLANG_WARN_EMPTY_BODY = YES;
				CLANG_WARN_ENUM_CONVERSION = YES;
				CLANG_WARN_INFINITE_RECURSION = YES;
				CLANG_WARN_INT_CONVERSION = YES;
				CLANG_WARN_NON_LITERAL_NULL_CONVERSION = YES;
				CLANG_WARN_OBJC_IMPLICIT_RETAIN_SELF = YES;
				CLANG_WARN_OBJC_LITERAL_CONVERSION = YES;
				CLANG_WARN_OBJC_ROOT_CLASS = YES_ERROR;
				CLANG_WARN_QUOTED_INCLUDE_IN_FRAMEWORK_HEADER = YES;
				CLANG_WARN_RANGE_LOOP_ANALYSIS = YES;
				CLANG_WARN_STRICT_PROTOTYPES = YES;
				CLANG_WARN_SUSPICIOUS_MOVE = YES;
				CLANG_WARN_UNGUARDED_AVAILABILITY = YES_AGGRESSIVE;
				CLANG_WARN_UNREACHABLE_CODE = YES;
				CLANG_WARN__DUPLICATE_METHOD_MATCH = YES;
				COPY_PHASE_STRIP = NO;
				DEBUG_INFORMATION_FORMAT = dwarf;
				ENABLE_STRICT_OBJC_MSGSEND = YES;
				ENABLE_TESTABILITY = YES;
				ENABLE_USER_SCRIPT_SANDBOXING = YES;
				GCC_C_LANGUAGE_STANDARD = gnu17;
				GCC_DYNAMIC_NO_PIC = NO;
				GCC_NO_COMMON_BLOCKS = YES;
				GCC_OPTIMIZATION_LEVEL = 0;
				GCC_PREPROCESSOR_DEFINITIONS = (
					"DEBUG=1",
					"$(inherited)",
				);
				GCC_WARN_64_TO_32_BIT_CONVERSION = YES;
				GCC_WARN_ABOUT_RETURN_TYPE = YES_ERROR;
				GCC_WARN_UNDECLARED_SELECTOR = YES;
				GCC_WARN_UNINITIALIZED_AUTOS = YES_AGGRESSIVE;
				GCC_WARN_UNUSED_FUNCTION = YES;
				GCC_WARN_UNUSED_VARIABLE = YES;
				IPHONEOS_DEPLOYMENT_TARGET = 17.0;
				LOCALIZATION_PREFERS_STRING_CATALOGS = YES;
				MTL_ENABLE_DEBUG_INFO = INCLUDE_SOURCE;
				MTL_FAST_MATH = YES;
				ONLY_ACTIVE_ARCH = YES;
				SDKROOT = iphoneos;
				SWIFT_ACTIVE_COMPILATION_CONDITIONS = "DEBUG $(inherited)";
				SWIFT_OPTIMIZATION_LEVEL = "-Onone";
			};
			name = Debug;
		};
		A90005 /* Release */ = {
			isa = XCBuildConfiguration;
			buildSettings = {
				ALWAYS_SEARCH_USER_PATHS = NO;
				ASSETCATALOG_COMPILER_GENERATE_SWIFT_ASSET_SYMBOL_EXTENSIONS = YES;
				CLANG_ANALYZER_NONNULL = YES;
				CLANG_ANALYZER_NUMBER_OBJECT_CONVERSION = YES_AGGRESSIVE;
				CLANG_CXX_LANGUAGE_STANDARD = "gnu++20";
				CLANG_ENABLE_MODULES = YES;
				CLANG_ENABLE_OBJC_ARC = YES;
				CLANG_ENABLE_OBJC_WEAK = YES;
				CLANG_WARN_BLOCK_CAPTURE_AUTORELEASING = YES;
				CLANG_WARN_BOOL_CONVERSION = YES;
				CLANG_WARN_COMMA = YES;
				CLANG_WARN_CONSTANT_CONVERSION = YES;
				CLANG_WARN_DEPRECATED_OBJC_IMPLEMENTATIONS = YES;
				CLANG_WARN_DIRECT_OBJC_ISA_USAGE = YES_ERROR;
				CLANG_WARN_DOCUMENTATION_COMMENTS = YES;
				CLANG_WARN_EMPTY_BODY = YES;
				CLANG_WARN_ENUM_CONVERSION = YES;
				CLANG_WARN_INFINITE_RECURSION = YES;
				CLANG_WARN_INT_CONVERSION = YES;
				CLANG_WARN_NON_LITERAL_NULL_CONVERSION = YES;
				CLANG_WARN_OBJC_IMPLICIT_RETAIN_SELF = YES;
				CLANG_WARN_OBJC_LITERAL_CONVERSION = YES;
				CLANG_WARN_OBJC_ROOT_CLASS = YES_ERROR;
				CLANG_WARN_QUOTED_INCLUDE_IN_FRAMEWORK_HEADER = YES;
				CLANG_WARN_RANGE_LOOP_ANALYSIS = YES;
				CLANG_WARN_STRICT_PROTOTYPES = YES;
				CLANG_WARN_SUSPICIOUS_MOVE = YES;
				CLANG_WARN_UNGUARDED_AVAILABILITY = YES_AGGRESSIVE;
				CLANG_WARN_UNREACHABLE_CODE = YES;
				CLANG_WARN__DUPLICATE_METHOD_MATCH = YES;
				COPY_PHASE_STRIP = NO;
				DEBUG_INFORMATION_FORMAT = "dwarf-with-dsym";
				ENABLE_NS_ASSERTIONS = NO;
				ENABLE_STRICT_OBJC_MSGSEND = YES;
				ENABLE_USER_SCRIPT_SANDBOXING = YES;
				GCC_C_LANGUAGE_STANDARD = gnu17;
				GCC_NO_COMMON_BLOCKS = YES;
				GCC_WARN_64_TO_32_BIT_CONVERSION = YES;
				GCC_WARN_ABOUT_RETURN_TYPE = YES_ERROR;
				GCC_WARN_UNDECLARED_SELECTOR = YES;
				GCC_WARN_UNINITIALIZED_AUTOS = YES_AGGRESSIVE;
				GCC_WARN_UNUSED_FUNCTION = YES;
				GCC_WARN_UNUSED_VARIABLE = YES;
				IPHONEOS_DEPLOYMENT_TARGET = 17.0;
				LOCALIZATION_PREFERS_STRING_CATALOGS = YES;
				MTL_ENABLE_DEBUG_INFO = NO;
				MTL_FAST_MATH = YES;
				SDKROOT = iphoneos;
				SWIFT_COMPILATION_MODE = wholemodule;
				VALIDATE_PRODUCT = YES;
			};
			name = Release;
		};
		A90006 /* Debug */ = {
			isa = XCBuildConfiguration;
			buildSettings = {
				ASSETCATALOG_COMPILER_APPICON_NAME = AppIcon;
				ASSETCATALOG_COMPILER_GLOBAL_ACCENT_COLOR_NAME = AccentColor;
				CODE_SIGN_ENTITLEMENTS = iPhoneSensors/iPhoneSensors.entitlements;
				CODE_SIGN_STYLE = Automatic;
				CURRENT_PROJECT_VERSION = 1;
				DEVELOPMENT_TEAM = D62Y8JVXB9;
				GENERATE_INFOPLIST_FILE = YES;
				INFOPLIST_FILE = iPhoneSensors/Info.plist;
				INFOPLIST_KEY_CFBundleDisplayName = "All Sensors";
				INFOPLIST_KEY_ITSAppUsesNonExemptEncryption = NO;
				INFOPLIST_KEY_NSBluetoothAlwaysUsageDescription = "This app uses Bluetooth to discover and display nearby devices.";
				INFOPLIST_KEY_NSBluetoothPeripheralUsageDescription = "This app uses Bluetooth to discover and display nearby devices.";
				INFOPLIST_KEY_NSCameraUsageDescription = "This app accesses the camera to display camera capabilities and sensor information.";
				INFOPLIST_KEY_NSFaceIDUsageDescription = "This app uses Face ID for biometric authentication testing.";
				INFOPLIST_KEY_NSLocalNetworkUsageDescription = "This app uses the local network to display network connectivity information.";
				INFOPLIST_KEY_NSLocationAlwaysAndWhenInUseUsageDescription = "This app uses your location to display GPS coordinates and compass heading.";
				INFOPLIST_KEY_NSLocationWhenInUseUsageDescription = "This app uses your location to display GPS coordinates and compass heading.";
				INFOPLIST_KEY_NSMicrophoneUsageDescription = "This app accesses the microphone to display audio input information.";
				INFOPLIST_KEY_NSMotionUsageDescription = "This app uses motion sensors to display accelerometer, gyroscope, and device motion data.";
				INFOPLIST_KEY_UIApplicationSupportsIndirectInputEvents = YES;
				INFOPLIST_KEY_UIRequiredDeviceCapabilities = armv7;
				INFOPLIST_KEY_UISupportedInterfaceOrientations = "UIInterfaceOrientationPortrait UIInterfaceOrientationLandscapeLeft UIInterfaceOrientationLandscapeRight";
				INFOPLIST_KEY_UISupportedInterfaceOrientations_iPad = "UIInterfaceOrientationPortrait UIInterfaceOrientationPortraitUpsideDown UIInterfaceOrientationLandscapeLeft UIInterfaceOrientationLandscapeRight";
				INFOPLIST_KEY_UISupportedInterfaceOrientations_iPhone = "UIInterfaceOrientationPortrait UIInterfaceOrientationLandscapeLeft UIInterfaceOrientationLandscapeRight";
				LD_RUNPATH_SEARCH_PATHS = (
					"$(inherited)",
					"@executable_path/Frameworks",
				);
				MARKETING_VERSION = 1.0;
				PRODUCT_BUNDLE_IDENTIFIER = com.1moby.iPhoneSensors;
				PRODUCT_NAME = "$(TARGET_NAME)";
				SUPPORTED_PLATFORMS = "iphoneos iphonesimulator";
				SUPPORTS_MACCATALYST = NO;
				SWIFT_EMIT_LOC_STRINGS = YES;
				SWIFT_VERSION = 5.0;
				TARGETED_DEVICE_FAMILY = "1,2";
			};
			name = Debug;
		};
		A90007 /* Release */ = {
			isa = XCBuildConfiguration;
			buildSettings = {
				ASSETCATALOG_COMPILER_APPICON_NAME = AppIcon;
				ASSETCATALOG_COMPILER_GLOBAL_ACCENT_COLOR_NAME = AccentColor;
				CODE_SIGN_ENTITLEMENTS = iPhoneSensors/iPhoneSensors.entitlements;
				CODE_SIGN_STYLE = Automatic;
				CURRENT_PROJECT_VERSION = 1;
				DEVELOPMENT_TEAM = D62Y8JVXB9;
				GENERATE_INFOPLIST_FILE = YES;
				INFOPLIST_FILE = iPhoneSensors/Info.plist;
				INFOPLIST_KEY_CFBundleDisplayName = "All Sensors";
				INFOPLIST_KEY_ITSAppUsesNonExemptEncryption = NO;
				INFOPLIST_KEY_NSBluetoothAlwaysUsageDescription = "This app uses Bluetooth to discover and display nearby devices.";
				INFOPLIST_KEY_NSBluetoothPeripheralUsageDescription = "This app uses Bluetooth to discover and display nearby devices.";
				INFOPLIST_KEY_NSCameraUsageDescription = "This app accesses the camera to display camera capabilities and sensor information.";
				INFOPLIST_KEY_NSFaceIDUsageDescription = "This app uses Face ID for biometric authentication testing.";
				INFOPLIST_KEY_NSLocalNetworkUsageDescription = "This app uses the local network to display network connectivity information.";
				INFOPLIST_KEY_NSLocationAlwaysAndWhenInUseUsageDescription = "This app uses your location to display GPS coordinates and compass heading.";
				INFOPLIST_KEY_NSLocationWhenInUseUsageDescription = "This app uses your location to display GPS coordinates and compass heading.";
				INFOPLIST_KEY_NSMicrophoneUsageDescription = "This app accesses the microphone to display audio input information.";
				INFOPLIST_KEY_NSMotionUsageDescription = "This app uses motion sensors to display accelerometer, gyroscope, and device motion data.";
				INFOPLIST_KEY_UIApplicationSupportsIndirectInputEvents = YES;
				INFOPLIST_KEY_UIRequiredDeviceCapabilities = armv7;
				INFOPLIST_KEY_UISupportedInterfaceOrientations = "UIInterfaceOrientationPortrait UIInterfaceOrientationLandscapeLeft UIInterfaceOrientationLandscapeRight";
				INFOPLIST_KEY_UISupportedInterfaceOrientations_iPad = "UIInterfaceOrientationPortrait UIInterfaceOrientationPortraitUpsideDown UIInterfaceOrientationLandscapeLeft UIInterfaceOrientationLandscapeRight";
				INFOPLIST_KEY_UISupportedInterfaceOrientations_iPhone = "UIInterfaceOrientationPortrait UIInterfaceOrientationLandscapeLeft UIInterfaceOrientationLandscapeRight";
				LD_RUNPATH_SEARCH_PATHS = (
					"$(inherited)",
					"@executable_path/Frameworks",
				);
				MARKETING_VERSION = 1.0;
				PRODUCT_BUNDLE_IDENTIFIER = com.1moby.iPhoneSensors;
				PRODUCT_NAME = "$(TARGET_NAME)";
				SUPPORTED_PLATFORMS = "iphoneos iphonesimulator";
				SUPPORTS_MACCATALYST = NO;
				SWIFT_EMIT_LOC_STRINGS = YES;
				SWIFT_VERSION = 5.0;
				TARGETED_DEVICE_FAMILY = "1,2";
			};
			name = Release;
		};
		B7C182BB8D45692EB843CE7C /* Debug */ = {
			isa = XCBuildConfiguration;
			buildSettings = {
				BUNDLE_LOADER = "$(TEST_HOST)";
				CLANG_ENABLE_OBJC_WEAK = NO;
				GENERATE_INFOPLIST_FILE = YES;
				IPHONEOS_DEPLOYMENT_TARGET = 17.0;
				PRODUCT_BUNDLE_IDENTIFIER = com.allsensors.iPhoneSensorsTests;
				PRODUCT_NAME = "$(TARGET_NAME)";
				SDKROOT = iphoneos;
				SWIFT_VERSION = 5.0;
				TEST_HOST = "$(BUILT_PRODUCTS_DIR)/iPhoneSensors.app/iPhoneSensors";
			};
			name = Debug;
		};
/* End XCBuildConfiguration section */

/* Begin XCConfigurationList section */
		9A334324700A69030BFC3C70 /* Build configuration list for PBXNativeTarget "iPhoneSensorsTests" */ = {
			isa = XCConfigurationList;
			buildConfigurations = (
				8D8CC279180EBD07B8C4E8E9 /* Release */,
				B7C182BB8D45692EB843CE7C /* Debug */,
			);
			defaultConfigurationIsVisible = 0;
			defaultConfigurationName = Release;
		};
		A90001 /* Build configuration list for PBXProject "iPhoneSensors" */ = {
			isa = XCConfigurationList;
			buildConfigurations = (
				A90004 /* Debug */,
				A90005 /* Release */,
			);
			defaultConfigurationIsVisible = 0;
			defaultConfigurationName = Release;
		};
		A90003 /* Build configuration list for PBXNativeTarget "iPhoneSensors" */ = {
			isa = XCConfigurationList;
			buildConfigurations = (
				A90006 /* Debug */,
				A90007 /* Release */,
			);
			defaultConfigurationIsVisible = 0;
			defaultConfigurationName = Release;
		};
/* End XCConfigurationList section */

/* Begin XCRemoteSwiftPackageReference section */
		2E38194F9E378D163241D6EC /* XCRemoteSwiftPackageReference "GRDB.swift" */ = {
			isa = XCRemoteSwiftPackageReference;
			repositoryURL = "https://github.com/groue/GRDB.swift";
			requirement = {
				kind = upToNextMajorVersion;
				minimumVersion = 7.0.0;
			};
		};
/* End XCRemoteSwiftPackageReference section */

/* Begin XCSwiftPackageProductDependency section */
		40573D4123C48D7BDA7E7BCE /* GRDB */ = {
			isa = XCSwiftPackageProductDependency;
			package = 2E38194F9E378D163241D6EC /* XCRemoteSwiftPackageReference "GRDB.swift" */;
			productName = GRDB;
		};
		C792843E1C0D187A3CFB8747 /* GRDB */ = {
			isa = XCSwiftPackageProductDependency;
			package = 2E38194F9E378D163241D6EC /* XCRemoteSwiftPackageReference "GRDB.swift" */;
			productName = GRDB;
		};
/* End XCSwiftPackageProductDependency section */
	};
	rootObject = A40001 /* Project object */;
}
